
Microsoft Visual Studio Solution File, Format Version 12.00
# Visual Studio Version 17
VisualStudioVersion = 17.14.36623.8
MinimumVisualStudioVersion = 10.0.40219.1
Project("{FAE04EC0-301F-11D3-BF4B-00C04F79EFBC}") = "ConsoleEF", "ConsoleEF\ConsoleEF.csproj", "{5641E101-3294-476B-82E6-F90DA0AC1DF7}"
	ProjectSection(ProjectDependencies) = postProject
		{E9946CBE-1DB4-4FDC-BF0F-79C2EA701A03} = {E9946CBE-1DB4-4FDC-BF0F-79C2EA701A03}
	EndProjectSection
EndProject
Project("{FAE04EC0-301F-11D3-BF4B-00C04F79EFBC}") = "ConsoleEF.DAL", "ConsoleEF.DAL\ConsoleEF.DAL.csproj", "{E9946CBE-1DB4-4FDC-BF0F-79C2EA701A03}"
EndProject
Global
	GlobalSection(SolutionConfigurationPlatforms) = preSolution
		Debug|Any CPU = Debug|Any CPU
		Release|Any CPU = Release|Any CPU
	EndGlobalSection
	GlobalSection(ProjectConfigurationPlatforms) = postSolution
		{5641E101-3294-476B-82E6-F90DA0AC1DF7}.Debug|Any CPU.ActiveCfg = Debug|Any CPU
		{5641E101-3294-476B-82E6-F90DA0AC1DF7}.Debug|Any CPU.Build.0 = Debug|Any CPU
		{5641E101-3294-476B-82E6-F90DA0AC1DF7}.Release|Any CPU.ActiveCfg = Release|Any CPU
		{5641E101-3294-476B-82E6-F90DA0AC1DF7}.Release|Any CPU.Build.0 = Release|Any CPU
		{E9946CBE-1DB4-4FDC-BF0F-79C2EA701A03}.Debug|Any CPU.ActiveCfg = Debug|Any CPU
		{E9946CBE-1DB4-4FDC-BF0F-79C2EA701A03}.Debug|Any CPU.Build.0 = Debug|Any CPU
		{E9946CBE-1DB4-4FDC-BF0F-79C2EA701A03}.Release|Any CPU.ActiveCfg = Release|Any CPU
		{E9946CBE-1DB4-4FDC-BF0F-79C2EA701A03}.Release|Any CPU.Build.0 = Release|Any CPU
	EndGlobalSection
	GlobalSection(SolutionProperties) = preSolution
		HideSolutionNode = FALSE
	EndGlobalSection
	GlobalSection(ExtensibilityGlobals) = postSolution
		SolutionGuid = {E6CD9708-F65A-4304-83E6-D4DE10F0C23E}
	EndGlobalSection
EndGlobal
